
Microsoft Visual Studio Solution File, Format Version 12.00
# Visual Studio Version 17
VisualStudioVersion = 17.5.33516.290
MinimumVisualStudioVersion = 10.0.40219.1
Project("{FAE04EC0-301F-11D3-BF4B-00C04F79EFBC}") = "Converter", "Converter.csproj", "{F5358661-2635-4269-B41A-73E5CCB6A612}"
EndProject
Global
	GlobalSection(SolutionConfigurationPlatforms) = preSolution
		Debug|Any CPU = Debug|Any CPU
		Release|Any CPU = Release|Any CPU
	EndGlobalSection
	GlobalSection(ProjectConfigurationPlatforms) = postSolution
		{F5358661-2635-4269-B41A-73E5CCB6A612}.Debug|Any CPU.ActiveCfg = Debug|Any CPU
		{F5358661-2635-4269-B41A-73E5CCB6A612}.Debug|Any CPU.Build.0 = Debug|Any CPU
		{F5358661-2635-4269-B41A-73E5CCB6A612}.Release|Any CPU.ActiveCfg = Release|Any CPU
		{F5358661-2635-4269-B41A-73E5CCB6A612}.Release|Any CPU.Build.0 = Release|Any CPU
	EndGlobalSection
	GlobalSection(SolutionProperties) = preSolution
		HideSolutionNode = FALSE
	EndGlobalSection
	GlobalSection(ExtensibilityGlobals) = postSolution
		SolutionGuid = {CEAF5C3B-62B6-4ED7-8F49-C93203F0A4EE}
	EndGlobalSection
EndGlobal
